
Microsoft Visual Studio Solution File, Format Version 12.00
# Visual Studio Version 16
VisualStudioVersion = 16.0.30804.86
MinimumVisualStudioVersion = 10.0.40219.1
Project("{FAE04EC0-301F-11D3-BF4B-00C04F79EFBC}") = "KampIntro1", "KampIntro1\KampIntro1.csproj", "{FB7006FF-FF4D-4F01-B982-63EE02160D58}"
EndProject
Project("{FAE04EC0-301F-11D3-BF4B-00C04F79EFBC}") = "Döngüler", "Döngüler\Döngüler.csproj", "{71538E70-6DBA-4B3A-8448-7AC8AAAFEDDF}"
EndProject
Project("{FAE04EC0-301F-11D3-BF4B-00C04F79EFBC}") = "ClassIntro", "ClassIntro\ClassIntro.csproj", "{7710C0D8-C2B4-4695-B46B-D89017F3B893}"
EndProject
Project("{FAE04EC0-301F-11D3-BF4B-00C04F79EFBC}") = "Metotlar", "Metotlar\Metotlar.csproj", "{04E81772-5946-4AE0-9B16-A6E3EE28971F}"
EndProject
Project("{FAE04EC0-301F-11D3-BF4B-00C04F79EFBC}") = "Matematik", "Matematik\Matematik.csproj", "{9420D5AA-3614-4D3F-9799-AAA1083D4FA5}"
EndProject
Project("{FAE04EC0-301F-11D3-BF4B-00C04F79EFBC}") = "DegerVeReferansTipler", "DegerVeReferansTipler\DegerVeReferansTipler.csproj", "{98BF6434-08B3-4A0E-8F82-1D7AE7A7D9EB}"
EndProject
Global
	GlobalSection(SolutionConfigurationPlatforms) = preSolution
		Debug|Any CPU = Debug|Any CPU
		Release|Any CPU = Release|Any CPU
	EndGlobalSection
	GlobalSection(ProjectConfigurationPlatforms) = postSolution
		{FB7006FF-FF4D-4F01-B982-63EE02160D58}.Debug|Any CPU.ActiveCfg = Debug|Any CPU
		{FB7006FF-FF4D-4F01-B982-63EE02160D58}.Debug|Any CPU.Build.0 = Debug|Any CPU
		{FB7006FF-FF4D-4F01-B982-63EE02160D58}.Release|Any CPU.ActiveCfg = Release|Any CPU
		{FB7006FF-FF4D-4F01-B982-63EE02160D58}.Release|Any CPU.Build.0 = Release|Any CPU
		{71538E70-6DBA-4B3A-8448-7AC8AAAFEDDF}.Debug|Any CPU.ActiveCfg = Debug|Any CPU
		{71538E70-6DBA-4B3A-8448-7AC8AAAFEDDF}.Debug|Any CPU.Build.0 = Debug|Any CPU
		{71538E70-6DBA-4B3A-8448-7AC8AAAFEDDF}.Release|Any CPU.ActiveCfg = Release|Any CPU
		{71538E70-6DBA-4B3A-8448-7AC8AAAFEDDF}.Release|Any CPU.Build.0 = Release|Any CPU
		{7710C0D8-C2B4-4695-B46B-D89017F3B893}.Debug|Any CPU.ActiveCfg = Debug|Any CPU
		{7710C0D8-C2B4-4695-B46B-D89017F3B893}.Debug|Any CPU.Build.0 = Debug|Any CPU
		{7710C0D8-C2B4-4695-B46B-D89017F3B893}.Release|Any CPU.ActiveCfg = Release|Any CPU
		{7710C0D8-C2B4-4695-B46B-D89017F3B893}.Release|Any CPU.Build.0 = Release|Any CPU
		{04E81772-5946-4AE0-9B16-A6E3EE28971F}.Debug|Any CPU.ActiveCfg = Debug|Any CPU
		{04E81772-5946-4AE0-9B16-A6E3EE28971F}.Debug|Any CPU.Build.0 = Debug|Any CPU
		{04E81772-5946-4AE0-9B16-A6E3EE28971F}.Release|Any CPU.ActiveCfg = Release|Any CPU
		{04E81772-5946-4AE0-9B16-A6E3EE28971F}.Release|Any CPU.Build.0 = Release|Any CPU
		{9420D5AA-3614-4D3F-9799-AAA1083D4FA5}.Debug|Any CPU.ActiveCfg = Debug|Any CPU
		{9420D5AA-3614-4D3F-9799-AAA1083D4FA5}.Debug|Any CPU.Build.0 = Debug|Any CPU
		{9420D5AA-3614-4D3F-9799-AAA1083D4FA5}.Release|Any CPU.ActiveCfg = Release|Any CPU
		{9420D5AA-3614-4D3F-9799-AAA1083D4FA5}.Release|Any CPU.Build.0 = Release|Any CPU
		{98BF6434-08B3-4A0E-8F82-1D7AE7A7D9EB}.Debug|Any CPU.ActiveCfg = Debug|Any CPU
		{98BF6434-08B3-4A0E-8F82-1D7AE7A7D9EB}.Debug|Any CPU.Build.0 = Debug|Any CPU
		{98BF6434-08B3-4A0E-8F82-1D7AE7A7D9EB}.Release|Any CPU.ActiveCfg = Release|Any CPU
		{98BF6434-08B3-4A0E-8F82-1D7AE7A7D9EB}.Release|Any CPU.Build.0 = Release|Any CPU
	EndGlobalSection
	GlobalSection(SolutionProperties) = preSolution
		HideSolutionNode = FALSE
	EndGlobalSection
	GlobalSection(ExtensibilityGlobals) = postSolution
		SolutionGuid = {E7F050B5-E521-413B-83F1-4B19782155D4}
	EndGlobalSection
EndGlobal
